
Microsoft Visual Studio Solution File, Format Version 12.00
# Visual Studio Version 16
VisualStudioVersion = 16.0.29318.209
MinimumVisualStudioVersion = 10.0.40219.1
Project("{9A19103F-16F7-4668-BE54-9A1E7A4F7556}") = "EzNintendo.Website", "src\EzNintendo.Website\EzNintendo.Website.csproj", "{69BFD4C2-FD45-4A75-8E9A-52B412A1255F}"
EndProject
Project("{9A19103F-16F7-4668-BE54-9A1E7A4F7556}") = "EzNintendo.Data", "src\EzNintendo.Data\EzNintendo.Data.csproj", "{95B1D5A5-37F4-475E-99C7-0A141A6E04FF}"
EndProject
Project("{9A19103F-16F7-4668-BE54-9A1E7A4F7556}") = "EzNintendo.Domain", "src\EzNintendo.Domain\EzNintendo.Domain.csproj", "{9FBB39D9-717F-4E0D-833B-FC332763052A}"
EndProject
Project("{9A19103F-16F7-4668-BE54-9A1E7A4F7556}") = "EzNintendo.Common", "src\EzNintendo.Common\EzNintendo.Common.csproj", "{81A9CAE8-C8DB-4EC4-9499-A0A99EE164D0}"
EndProject
Project("{2150E333-8FDC-42A3-9474-1A3956D46DE8}") = "Original", "Original", "{E282D5DC-C4CC-426A-9359-496F0CB55925}"
EndProject
Project("{9A19103F-16F7-4668-BE54-9A1E7A4F7556}") = "Red.Core.Application", "src\Red.Core.Application\Red.Core.Application.csproj", "{9DE29A78-5586-42EE-AA34-849EDBC0FF57}"
EndProject
Project("{9A19103F-16F7-4668-BE54-9A1E7A4F7556}") = "Red.Core.Domain", "src\Red.Core.Domain\Red.Core.Domain.csproj", "{82701834-A929-4B82-AE50-5A3FD430FB4A}"
EndProject
Project("{9A19103F-16F7-4668-BE54-9A1E7A4F7556}") = "Red.Infrastructure.Spider", "src\Red.Infrastructure.Spider\Red.Infrastructure.Spider.csproj", "{755978AA-2A10-4ADE-9474-F8CA9F039610}"
EndProject
Project("{9A19103F-16F7-4668-BE54-9A1E7A4F7556}") = "Red.Infrastructure.Persistence", "src\Red.Infrastructure.Persistence\Red.Infrastructure.Persistence.csproj", "{3D2BF284-566D-4489-BEE9-D60983EEEF3C}"
EndProject
Project("{9A19103F-16F7-4668-BE54-9A1E7A4F7556}") = "Red.Infrastructure.NintendoApi", "src\Red.Infrastructure.NintendoApi\Red.Infrastructure.NintendoApi.csproj", "{D1F9321D-613F-4AC1-89E5-A6B473F98F94}"
EndProject
Project("{9A19103F-16F7-4668-BE54-9A1E7A4F7556}") = "Red.Infrastructure.Utilities", "src\Red.Infrastructure.Utilities\Red.Infrastructure.Utilities.csproj", "{7DA33865-8A9B-4DD5-9E51-92E07B597AFD}"
EndProject
Project("{2150E333-8FDC-42A3-9474-1A3956D46DE8}") = "tests", "tests", "{1FF54C7B-7F17-4FEF-A570-CA94A5B910B2}"
EndProject
Project("{9A19103F-16F7-4668-BE54-9A1E7A4F7556}") = "Red.UnitTests", "tests\Red.UnitTests\Red.UnitTests.csproj", "{A616B1ED-5F84-4321-AAA7-CE62B499D2F9}"
EndProject
Project("{FAE04EC0-301F-11D3-BF4B-00C04F79EFBC}") = "Red.Infrastructure.Logging", "src\Red.Infrastructure.Logging\Red.Infrastructure.Logging.csproj", "{803D26E3-A0D3-4BD5-BE66-104861640E5A}"
EndProject
Global
	GlobalSection(SolutionConfigurationPlatforms) = preSolution
		Debug|Any CPU = Debug|Any CPU
		Release|Any CPU = Release|Any CPU
	EndGlobalSection
	GlobalSection(ProjectConfigurationPlatforms) = postSolution
		{69BFD4C2-FD45-4A75-8E9A-52B412A1255F}.Debug|Any CPU.ActiveCfg = Debug|Any CPU
		{69BFD4C2-FD45-4A75-8E9A-52B412A1255F}.Release|Any CPU.ActiveCfg = Release|Any CPU
		{95B1D5A5-37F4-475E-99C7-0A141A6E04FF}.Debug|Any CPU.ActiveCfg = Debug|Any CPU
		{95B1D5A5-37F4-475E-99C7-0A141A6E04FF}.Release|Any CPU.ActiveCfg = Release|Any CPU
		{9FBB39D9-717F-4E0D-833B-FC332763052A}.Debug|Any CPU.ActiveCfg = Debug|Any CPU
		{9FBB39D9-717F-4E0D-833B-FC332763052A}.Release|Any CPU.ActiveCfg = Release|Any CPU
		{81A9CAE8-C8DB-4EC4-9499-A0A99EE164D0}.Debug|Any CPU.ActiveCfg = Debug|Any CPU
		{81A9CAE8-C8DB-4EC4-9499-A0A99EE164D0}.Release|Any CPU.ActiveCfg = Release|Any CPU
		{9DE29A78-5586-42EE-AA34-849EDBC0FF57}.Debug|Any CPU.ActiveCfg = Debug|Any CPU
		{9DE29A78-5586-42EE-AA34-849EDBC0FF57}.Debug|Any CPU.Build.0 = Debug|Any CPU
		{9DE29A78-5586-42EE-AA34-849EDBC0FF57}.Release|Any CPU.ActiveCfg = Release|Any CPU
		{9DE29A78-5586-42EE-AA34-849EDBC0FF57}.Release|Any CPU.Build.0 = Release|Any CPU
		{82701834-A929-4B82-AE50-5A3FD430FB4A}.Debug|Any CPU.ActiveCfg = Debug|Any CPU
		{82701834-A929-4B82-AE50-5A3FD430FB4A}.Debug|Any CPU.Build.0 = Debug|Any CPU
		{82701834-A929-4B82-AE50-5A3FD430FB4A}.Release|Any CPU.ActiveCfg = Release|Any CPU
		{82701834-A929-4B82-AE50-5A3FD430FB4A}.Release|Any CPU.Build.0 = Release|Any CPU
		{755978AA-2A10-4ADE-9474-F8CA9F039610}.Debug|Any CPU.ActiveCfg = Debug|Any CPU
		{755978AA-2A10-4ADE-9474-F8CA9F039610}.Debug|Any CPU.Build.0 = Debug|Any CPU
		{755978AA-2A10-4ADE-9474-F8CA9F039610}.Release|Any CPU.ActiveCfg = Release|Any CPU
		{755978AA-2A10-4ADE-9474-F8CA9F039610}.Release|Any CPU.Build.0 = Release|Any CPU
		{3D2BF284-566D-4489-BEE9-D60983EEEF3C}.Debug|Any CPU.ActiveCfg = Debug|Any CPU
		{3D2BF284-566D-4489-BEE9-D60983EEEF3C}.Debug|Any CPU.Build.0 = Debug|Any CPU
		{3D2BF284-566D-4489-BEE9-D60983EEEF3C}.Release|Any CPU.ActiveCfg = Release|Any CPU
		{3D2BF284-566D-4489-BEE9-D60983EEEF3C}.Release|Any CPU.Build.0 = Release|Any CPU
		{D1F9321D-613F-4AC1-89E5-A6B473F98F94}.Debug|Any CPU.ActiveCfg = Debug|Any CPU
		{D1F9321D-613F-4AC1-89E5-A6B473F98F94}.Debug|Any CPU.Build.0 = Debug|Any CPU
		{D1F9321D-613F-4AC1-89E5-A6B473F98F94}.Release|Any CPU.ActiveCfg = Release|Any CPU
		{D1F9321D-613F-4AC1-89E5-A6B473F98F94}.Release|Any CPU.Build.0 = Release|Any CPU
		{7DA33865-8A9B-4DD5-9E51-92E07B597AFD}.Debug|Any CPU.ActiveCfg = Debug|Any CPU
		{7DA33865-8A9B-4DD5-9E51-92E07B597AFD}.Debug|Any CPU.Build.0 = Debug|Any CPU
		{7DA33865-8A9B-4DD5-9E51-92E07B597AFD}.Release|Any CPU.ActiveCfg = Release|Any CPU
		{7DA33865-8A9B-4DD5-9E51-92E07B597AFD}.Release|Any CPU.Build.0 = Release|Any CPU
		{A616B1ED-5F84-4321-AAA7-CE62B499D2F9}.Debug|Any CPU.ActiveCfg = Debug|Any CPU
		{A616B1ED-5F84-4321-AAA7-CE62B499D2F9}.Debug|Any CPU.Build.0 = Debug|Any CPU
		{A616B1ED-5F84-4321-AAA7-CE62B499D2F9}.Release|Any CPU.ActiveCfg = Release|Any CPU
		{A616B1ED-5F84-4321-AAA7-CE62B499D2F9}.Release|Any CPU.Build.0 = Release|Any CPU
		{803D26E3-A0D3-4BD5-BE66-104861640E5A}.Debug|Any CPU.ActiveCfg = Debug|Any CPU
		{803D26E3-A0D3-4BD5-BE66-104861640E5A}.Debug|Any CPU.Build.0 = Debug|Any CPU
		{803D26E3-A0D3-4BD5-BE66-104861640E5A}.Release|Any CPU.ActiveCfg = Release|Any CPU
		{803D26E3-A0D3-4BD5-BE66-104861640E5A}.Release|Any CPU.Build.0 = Release|Any CPU
	EndGlobalSection
	GlobalSection(SolutionProperties) = preSolution
		HideSolutionNode = FALSE
	EndGlobalSection
	GlobalSection(NestedProjects) = preSolution
		{69BFD4C2-FD45-4A75-8E9A-52B412A1255F} = {E282D5DC-C4CC-426A-9359-496F0CB55925}
		{95B1D5A5-37F4-475E-99C7-0A141A6E04FF} = {E282D5DC-C4CC-426A-9359-496F0CB55925}
		{9FBB39D9-717F-4E0D-833B-FC332763052A} = {E282D5DC-C4CC-426A-9359-496F0CB55925}
		{81A9CAE8-C8DB-4EC4-9499-A0A99EE164D0} = {E282D5DC-C4CC-426A-9359-496F0CB55925}
		{A616B1ED-5F84-4321-AAA7-CE62B499D2F9} = {1FF54C7B-7F17-4FEF-A570-CA94A5B910B2}
	EndGlobalSection
	GlobalSection(ExtensibilityGlobals) = postSolution
		SolutionGuid = {A1292548-509D-4918-AF67-BD50569F5E19}
	EndGlobalSection
EndGlobal
